
Microsoft Visual Studio Solution File, Format Version 12.00
# Visual Studio Version 17
VisualStudioVersion = 17.5.002.0
MinimumVisualStudioVersion = 10.0.40219.1
Project("{9A19103F-16F7-4668-BE54-9A1E7A4F7556}") = "TrilhaApiDesafio", "TrilhaApiDesafio.csproj", "{DA7E55AA-2A1D-45F6-B8A5-99E5AE1F2259}"
EndProject
Global
	GlobalSection(SolutionConfigurationPlatforms) = preSolution
		Debug|Any CPU = Debug|Any CPU
		Release|Any CPU = Release|Any CPU
	EndGlobalSection
	GlobalSection(ProjectConfigurationPlatforms) = postSolution
		{DA7E55AA-2A1D-45F6-B8A5-99E5AE1F2259}.Debug|Any CPU.ActiveCfg = Debug|Any CPU
		{DA7E55AA-2A1D-45F6-B8A5-99E5AE1F2259}.Debug|Any CPU.Build.0 = Debug|Any CPU
		{DA7E55AA-2A1D-45F6-B8A5-99E5AE1F2259}.Release|Any CPU.ActiveCfg = Release|Any CPU
		{DA7E55AA-2A1D-45F6-B8A5-99E5AE1F2259}.Release|Any CPU.Build.0 = Release|Any CPU
	EndGlobalSection
	GlobalSection(SolutionProperties) = preSolution
		HideSolutionNode = FALSE
	EndGlobalSection
	GlobalSection(ExtensibilityGlobals) = postSolution
		SolutionGuid = {36858067-77FF-4555-885F-9E0CD5C03317}
	EndGlobalSection
EndGlobal
